
Microsoft Visual Studio Solution File, Format Version 12.00
# Visual Studio Version 17
VisualStudioVersion = 17.6.33723.286
MinimumVisualStudioVersion = 10.0.40219.1
Project("{FAE04EC0-301F-11D3-BF4B-00C04F79EFBC}") = "MajicVIlla_VillaAPI", "MajicVIlla_VillaAPI\MajicVIlla_VillaAPI.csproj", "{88F4E133-5BAA-4419-A64B-77E7BB43A2D0}"
EndProject
Global
	GlobalSection(SolutionConfigurationPlatforms) = preSolution
		Debug|Any CPU = Debug|Any CPU
		Release|Any CPU = Release|Any CPU
	EndGlobalSection
	GlobalSection(ProjectConfigurationPlatforms) = postSolution
		{88F4E133-5BAA-4419-A64B-77E7BB43A2D0}.Debug|Any CPU.ActiveCfg = Debug|Any CPU
		{88F4E133-5BAA-4419-A64B-77E7BB43A2D0}.Debug|Any CPU.Build.0 = Debug|Any CPU
		{88F4E133-5BAA-4419-A64B-77E7BB43A2D0}.Release|Any CPU.ActiveCfg = Release|Any CPU
		{88F4E133-5BAA-4419-A64B-77E7BB43A2D0}.Release|Any CPU.Build.0 = Release|Any CPU
	EndGlobalSection
	GlobalSection(SolutionProperties) = preSolution
		HideSolutionNode = FALSE
	EndGlobalSection
	GlobalSection(ExtensibilityGlobals) = postSolution
		SolutionGuid = {DC9FA7FD-41A3-4A9D-85A1-01229114B5D3}
	EndGlobalSection
EndGlobal
